
Microsoft Visual Studio Solution File, Format Version 12.00
# Visual Studio Version 17
VisualStudioVersion = 17.4.33103.184
MinimumVisualStudioVersion = 10.0.40219.1
Project("{FAE04EC0-301F-11D3-BF4B-00C04F79EFBC}") = "WpfApp2", "WpfApp2\WpfApp2.csproj", "{EE6680F0-ADA0-45BD-A02E-17C3073BCDC7}"
EndProject
Project("{FAE04EC0-301F-11D3-BF4B-00C04F79EFBC}") = "TestProject1", "TestProject1\TestProject1.csproj", "{42308B68-0A4C-43BB-A5EC-BABCAE645410}"
EndProject
Global
	GlobalSection(SolutionConfigurationPlatforms) = preSolution
		Debug|Any CPU = Debug|Any CPU
		Release|Any CPU = Release|Any CPU
	EndGlobalSection
	GlobalSection(ProjectConfigurationPlatforms) = postSolution
		{EE6680F0-ADA0-45BD-A02E-17C3073BCDC7}.Debug|Any CPU.ActiveCfg = Debug|Any CPU
		{EE6680F0-ADA0-45BD-A02E-17C3073BCDC7}.Debug|Any CPU.Build.0 = Debug|Any CPU
		{EE6680F0-ADA0-45BD-A02E-17C3073BCDC7}.Release|Any CPU.ActiveCfg = Release|Any CPU
		{EE6680F0-ADA0-45BD-A02E-17C3073BCDC7}.Release|Any CPU.Build.0 = Release|Any CPU
		{42308B68-0A4C-43BB-A5EC-BABCAE645410}.Debug|Any CPU.ActiveCfg = Debug|Any CPU
		{42308B68-0A4C-43BB-A5EC-BABCAE645410}.Debug|Any CPU.Build.0 = Debug|Any CPU
		{42308B68-0A4C-43BB-A5EC-BABCAE645410}.Release|Any CPU.ActiveCfg = Release|Any CPU
		{42308B68-0A4C-43BB-A5EC-BABCAE645410}.Release|Any CPU.Build.0 = Release|Any CPU
	EndGlobalSection
	GlobalSection(SolutionProperties) = preSolution
		HideSolutionNode = FALSE
	EndGlobalSection
	GlobalSection(ExtensibilityGlobals) = postSolution
		SolutionGuid = {E9CEE9E3-9B48-49DA-8A70-06884946B2DF}
	EndGlobalSection
EndGlobal
